#MicroXplorer Configuration settings - do not modify
ADC1.Channel-15\#ChannelRegularConversion=ADC_CHANNEL_6
ADC1.IPParameters=Rank-15\#ChannelRegularConversion,Channel-15\#ChannelRegularConversion,SamplingTime-15\#ChannelRegularConversion,OffsetNumber-15\#ChannelRegularConversion,Offset-15\#ChannelRegularConversion,NbrOfConversionFlag,master,SubFamily
ADC1.NbrOfConversionFlag=1
ADC1.Offset-15\#ChannelRegularConversion=0
ADC1.OffsetNumber-15\#ChannelRegularConversion=ADC_OFFSET_NONE
ADC1.Rank-15\#ChannelRegularConversion=1
ADC1.SamplingTime-15\#ChannelRegularConversion=ADC_SAMPLETIME_1CYCLE_5
ADC1.SubFamily=STM32F334x8
ADC1.master=1
ADC2.Channel-0\#ChannelRegularConversion=ADC_CHANNEL_1
ADC2.IPParameters=SubFamily,Rank-0\#ChannelRegularConversion,Channel-0\#ChannelRegularConversion,SamplingTime-0\#ChannelRegularConversion,OffsetNumber-0\#ChannelRegularConversion,Offset-0\#ChannelRegularConversion,NbrOfConversionFlag
ADC2.NbrOfConversionFlag=1
ADC2.Offset-0\#ChannelRegularConversion=0
ADC2.OffsetNumber-0\#ChannelRegularConversion=ADC_OFFSET_NONE
ADC2.Rank-0\#ChannelRegularConversion=1
ADC2.SamplingTime-0\#ChannelRegularConversion=ADC_SAMPLETIME_1CYCLE_5
ADC2.SubFamily=STM32F334x8
Dma.ADC1.0.Direction=DMA_PERIPH_TO_MEMORY
Dma.ADC1.0.Instance=DMA1_Channel1
Dma.ADC1.0.MemDataAlignment=DMA_MDATAALIGN_HALFWORD
Dma.ADC1.0.MemInc=DMA_MINC_ENABLE
Dma.ADC1.0.Mode=DMA_NORMAL
Dma.ADC1.0.PeriphDataAlignment=DMA_PDATAALIGN_HALFWORD
Dma.ADC1.0.PeriphInc=DMA_PINC_DISABLE
Dma.ADC1.0.Priority=DMA_PRIORITY_LOW
Dma.ADC1.0.RequestParameters=Instance,Direction,PeriphInc,MemInc,PeriphDataAlignment,MemDataAlignment,Mode,Priority
Dma.Request0=ADC1
Dma.RequestsNb=1
File.Version=6
KeepUserPlacement=false
Mcu.Family=STM32F3
Mcu.IP0=ADC1
Mcu.IP1=ADC2
Mcu.IP2=DMA
Mcu.IP3=NVIC
Mcu.IP4=RCC
Mcu.IP5=RTC
Mcu.IP6=SPI1
Mcu.IP7=SYS
Mcu.IP8=USART3
Mcu.IPNb=9
Mcu.Name=STM32F334R(6-8)Tx
Mcu.Package=LQFP64
Mcu.Pin0=PC13
Mcu.Pin1=PC14 / OSC32_IN
Mcu.Pin10=PA2
Mcu.Pin11=PA4
Mcu.Pin12=PA5
Mcu.Pin13=PA6
Mcu.Pin14=PA7
Mcu.Pin15=PC5
Mcu.Pin16=PB2
Mcu.Pin17=PB14
Mcu.Pin18=PB15
Mcu.Pin19=PC7
Mcu.Pin2=PC15 / OSC32_OUT
Mcu.Pin20=PC8
Mcu.Pin21=PC9
Mcu.Pin22=PA12
Mcu.Pin23=PA13
Mcu.Pin24=PA14
Mcu.Pin25=PC10
Mcu.Pin26=PC11
Mcu.Pin27=PC12
Mcu.Pin28=PD2
Mcu.Pin29=PB6
Mcu.Pin3=PF0 / OSC_IN
Mcu.Pin30=PB7
Mcu.Pin31=PB8
Mcu.Pin32=PB9
Mcu.Pin33=VP_RTC_VS_RTC_Activate
Mcu.Pin34=VP_RTC_VS_RTC_Calendar
Mcu.Pin35=VP_RTC_VS_RTC_Alarm_A_Intern
Mcu.Pin36=VP_SYS_VS_Systick
Mcu.Pin4=PF1 / OSC_OUT
Mcu.Pin5=PC0
Mcu.Pin6=PC1
Mcu.Pin7=PC2
Mcu.Pin8=PA0
Mcu.Pin9=PA1
Mcu.PinsNb=37
Mcu.UserConstants=
Mcu.UserName=STM32F334R8Tx
MxCube.Version=4.21.0
MxDb.Version=DB.4.0.210
NVIC.BusFault_IRQn=true\:0\:0\:false\:false\:true
NVIC.DMA1_Channel1_IRQn=true\:0\:0\:false\:false\:true
NVIC.DebugMonitor_IRQn=true\:0\:0\:false\:false\:true
NVIC.HardFault_IRQn=true\:0\:0\:false\:false\:true
NVIC.MemoryManagement_IRQn=true\:0\:0\:false\:false\:true
NVIC.NonMaskableInt_IRQn=true\:0\:0\:false\:false\:true
NVIC.PendSV_IRQn=true\:0\:0\:false\:false\:true
NVIC.PriorityGroup=NVIC_PRIORITYGROUP_4
NVIC.SVCall_IRQn=true\:0\:0\:false\:false\:true
NVIC.SysTick_IRQn=true\:0\:0\:false\:false\:true
NVIC.USART3_IRQn=true\:0\:0\:false\:false\:true
NVIC.UsageFault_IRQn=true\:0\:0\:false\:false\:true
PA0.GPIOParameters=GPIO_Speed,PinState,GPIO_PuPd,GPIO_Label,GPIO_ModeDefaultOutputPP
PA0.GPIO_Label=PA0
PA0.GPIO_ModeDefaultOutputPP=GPIO_MODE_OUTPUT_PP
PA0.GPIO_PuPd=GPIO_NOPULL
PA0.GPIO_Speed=GPIO_SPEED_FREQ_LOW
PA0.Locked=true
PA0.PinState=GPIO_PIN_RESET
PA0.Signal=GPIO_Output
PA1.GPIOParameters=GPIO_Speed,PinState,GPIO_PuPd,GPIO_Label,GPIO_ModeDefaultOutputPP
PA1.GPIO_Label=PA1
PA1.GPIO_ModeDefaultOutputPP=GPIO_MODE_OUTPUT_PP
PA1.GPIO_PuPd=GPIO_NOPULL
PA1.GPIO_Speed=GPIO_SPEED_FREQ_LOW
PA1.Locked=true
PA1.PinState=GPIO_PIN_RESET
PA1.Signal=GPIO_Output
PA12.GPIOParameters=GPIO_Speed,PinState,GPIO_PuPd,GPIO_Label,GPIO_ModeDefaultOutputPP
PA12.GPIO_Label=SS1
PA12.GPIO_ModeDefaultOutputPP=GPIO_MODE_OUTPUT_PP
PA12.GPIO_PuPd=GPIO_NOPULL
PA12.GPIO_Speed=GPIO_SPEED_FREQ_LOW
PA12.Locked=true
PA12.PinState=GPIO_PIN_RESET
PA12.Signal=GPIO_Output
PA13.Mode=Serial_Wire
PA13.Signal=SYS_JTMS-SWDIO
PA14.Locked=true
PA14.Mode=Serial_Wire
PA14.Signal=SYS_JTCK-SWCLK
PA2.GPIOParameters=GPIO_PuPd,GPIO_Label,GPIO_Mode
PA2.GPIO_Label=PA2
PA2.GPIO_Mode=GPIO_MODE_ANALOG
PA2.GPIO_PuPd=GPIO_NOPULL
PA2.Locked=true
PA2.Signal=GPIO_Analog
PA4.Mode=IN1-Single-Ended
PA4.Signal=ADC2_IN1
PA5.Mode=Full_Duplex_Master
PA5.Signal=SPI1_SCK
PA6.Mode=Full_Duplex_Master
PA6.Signal=SPI1_MISO
PA7.Mode=Full_Duplex_Master
PA7.Signal=SPI1_MOSI
PB14.GPIOParameters=GPIO_Speed,PinState,GPIO_PuPd,GPIO_Label,GPIO_ModeDefaultOutputPP
PB14.GPIO_Label=SWTEN
PB14.GPIO_ModeDefaultOutputPP=GPIO_MODE_OUTPUT_PP
PB14.GPIO_PuPd=GPIO_NOPULL
PB14.GPIO_Speed=GPIO_SPEED_FREQ_LOW
PB14.Locked=true
PB14.PinState=GPIO_PIN_RESET
PB14.Signal=GPIO_Output
PB15.GPIOParameters=GPIO_Speed,PinState,GPIO_PuPd,GPIO_Label,GPIO_ModeDefaultOutputPP
PB15.GPIO_Label=WDT
PB15.GPIO_ModeDefaultOutputPP=GPIO_MODE_OUTPUT_PP
PB15.GPIO_PuPd=GPIO_NOPULL
PB15.GPIO_Speed=GPIO_SPEED_FREQ_LOW
PB15.Locked=true
PB15.PinState=GPIO_PIN_RESET
PB15.Signal=GPIO_Output
PB2.GPIOParameters=GPIO_Speed,PinState,GPIO_PuPd,GPIO_Label,GPIO_ModeDefaultOutputPP
PB2.GPIO_Label=SS3
PB2.GPIO_ModeDefaultOutputPP=GPIO_MODE_OUTPUT_PP
PB2.GPIO_PuPd=GPIO_NOPULL
PB2.GPIO_Speed=GPIO_SPEED_FREQ_LOW
PB2.Locked=true
PB2.PinState=GPIO_PIN_RESET
PB2.Signal=GPIO_Output
PB6.GPIOParameters=GPIO_Speed,GPIO_FM6,PinState,GPIO_PuPd,GPIO_Label,GPIO_ModeDefaultOutputPP
PB6.GPIO_FM6=__NULL
PB6.GPIO_Label=SS0
PB6.GPIO_ModeDefaultOutputPP=GPIO_MODE_OUTPUT_PP
PB6.GPIO_PuPd=GPIO_NOPULL
PB6.GPIO_Speed=GPIO_SPEED_FREQ_LOW
PB6.Locked=true
PB6.PinState=GPIO_PIN_RESET
PB6.Signal=GPIO_Output
PB7.GPIOParameters=GPIO_Speed,PinState,GPIO_PuPd,GPIO_Label,GPIO_ModeDefaultOutputPP,GPIO_FM7
PB7.GPIO_FM7=__NULL
PB7.GPIO_Label=SDA
PB7.GPIO_ModeDefaultOutputPP=GPIO_MODE_OUTPUT_PP
PB7.GPIO_PuPd=GPIO_NOPULL
PB7.GPIO_Speed=GPIO_SPEED_FREQ_LOW
PB7.Locked=true
PB7.PinState=GPIO_PIN_RESET
PB7.Signal=GPIO_Output
PB8.Locked=true
PB8.Mode=Asynchronous
PB8.Signal=USART3_RX
PB9.Locked=true
PB9.Mode=Asynchronous
PB9.Signal=USART3_TX
PC0.Signal=ADCx_IN6
PC1.Signal=ADCx_IN7
PC10.GPIOParameters=GPIO_Speed,PinState,GPIO_PuPd,GPIO_Label,GPIO_ModeDefaultOutputPP
PC10.GPIO_Label=LED0
PC10.GPIO_ModeDefaultOutputPP=GPIO_MODE_OUTPUT_PP
PC10.GPIO_PuPd=GPIO_NOPULL
PC10.GPIO_Speed=GPIO_SPEED_FREQ_LOW
PC10.Locked=true
PC10.PinState=GPIO_PIN_RESET
PC10.Signal=GPIO_Output
PC11.GPIOParameters=GPIO_Speed,PinState,GPIO_PuPd,GPIO_Label,GPIO_ModeDefaultOutputPP
PC11.GPIO_Label=LED1
PC11.GPIO_ModeDefaultOutputPP=GPIO_MODE_OUTPUT_PP
PC11.GPIO_PuPd=GPIO_NOPULL
PC11.GPIO_Speed=GPIO_SPEED_FREQ_LOW
PC11.Locked=true
PC11.PinState=GPIO_PIN_RESET
PC11.Signal=GPIO_Output
PC12.GPIOParameters=GPIO_Speed,PinState,GPIO_PuPd,GPIO_Label,GPIO_ModeDefaultOutputPP
PC12.GPIO_Label=LED2
PC12.GPIO_ModeDefaultOutputPP=GPIO_MODE_OUTPUT_PP
PC12.GPIO_PuPd=GPIO_NOPULL
PC12.GPIO_Speed=GPIO_SPEED_FREQ_LOW
PC12.Locked=true
PC12.PinState=GPIO_PIN_RESET
PC12.Signal=GPIO_Output
PC13.GPIOParameters=GPIO_Speed,PinState,GPIO_PuPd,GPIO_Label,GPIO_ModeDefaultOutputPP
PC13.GPIO_Label=LED3
PC13.GPIO_ModeDefaultOutputPP=GPIO_MODE_OUTPUT_PP
PC13.GPIO_PuPd=GPIO_NOPULL
PC13.GPIO_Speed=GPIO_SPEED_FREQ_LOW
PC13.Locked=true
PC13.PinState=GPIO_PIN_RESET
PC13.Signal=GPIO_Output
PC14\ /\ OSC32_IN.Mode=LSE-External-Oscillator
PC14\ /\ OSC32_IN.Signal=RCC_OSC32_IN
PC15\ /\ OSC32_OUT.Mode=LSE-External-Oscillator
PC15\ /\ OSC32_OUT.Signal=RCC_OSC32_OUT
PC2.Signal=ADCx_IN8
PC5.GPIOParameters=GPIO_Speed,PinState,GPIO_PuPd,GPIO_Label,GPIO_ModeDefaultOutputPP
PC5.GPIO_Label=GLED1
PC5.GPIO_ModeDefaultOutputPP=GPIO_MODE_OUTPUT_PP
PC5.GPIO_PuPd=GPIO_NOPULL
PC5.GPIO_Speed=GPIO_SPEED_FREQ_LOW
PC5.Locked=true
PC5.PinState=GPIO_PIN_RESET
PC5.Signal=GPIO_Output
PC7.GPIOParameters=GPIO_Speed,PinState,GPIO_PuPd,GPIO_Label,GPIO_ModeDefaultOutputPP
PC7.GPIO_Label=GLED2
PC7.GPIO_ModeDefaultOutputPP=GPIO_MODE_OUTPUT_PP
PC7.GPIO_PuPd=GPIO_NOPULL
PC7.GPIO_Speed=GPIO_SPEED_FREQ_LOW
PC7.Locked=true
PC7.PinState=GPIO_PIN_RESET
PC7.Signal=GPIO_Output
PC8.GPIOParameters=GPIO_Speed,PinState,GPIO_PuPd,GPIO_Label,GPIO_ModeDefaultOutputPP
PC8.GPIO_Label=RLED1
PC8.GPIO_ModeDefaultOutputPP=GPIO_MODE_OUTPUT_PP
PC8.GPIO_PuPd=GPIO_NOPULL
PC8.GPIO_Speed=GPIO_SPEED_FREQ_LOW
PC8.Locked=true
PC8.PinState=GPIO_PIN_RESET
PC8.Signal=GPIO_Output
PC9.GPIOParameters=GPIO_Speed,PinState,GPIO_PuPd,GPIO_Label,GPIO_ModeDefaultOutputPP
PC9.GPIO_Label=COMS
PC9.GPIO_ModeDefaultOutputPP=GPIO_MODE_OUTPUT_PP
PC9.GPIO_PuPd=GPIO_NOPULL
PC9.GPIO_Speed=GPIO_SPEED_FREQ_LOW
PC9.Locked=true
PC9.PinState=GPIO_PIN_RESET
PC9.Signal=GPIO_Output
PCC.Checker=false
PCC.Line=STM32F334
PCC.MCU=STM32F334R(6-8)Tx
PCC.PartNumber=STM32F334R8Tx
PCC.Seq0=0
PCC.Series=STM32F3
PCC.Temperature=25
PCC.Vdd=3.6
PD2.GPIOParameters=GPIO_Speed,PinState,GPIO_PuPd,GPIO_Label,GPIO_ModeDefaultOutputPP
PD2.GPIO_Label=LED3
PD2.GPIO_ModeDefaultOutputPP=GPIO_MODE_OUTPUT_PP
PD2.GPIO_PuPd=GPIO_NOPULL
PD2.GPIO_Speed=GPIO_SPEED_FREQ_LOW
PD2.Locked=true
PD2.PinState=GPIO_PIN_RESET
PD2.Signal=GPIO_Output
PF0\ /\ OSC_IN.Mode=HSE-External-Oscillator
PF0\ /\ OSC_IN.Signal=RCC_OSC_IN
PF1\ /\ OSC_OUT.Mode=HSE-External-Oscillator
PF1\ /\ OSC_OUT.Signal=RCC_OSC_OUT
ProjectManager.AskForMigrate=true
ProjectManager.BackupPrevious=false
ProjectManager.CompilerOptimize=2
ProjectManager.ComputerToolchain=false
ProjectManager.CoupleFile=true
ProjectManager.CustomerFirmwarePackage=/Users/kanocarra/STM32Cube/Repository/STM32Cube_FW_F3_V1.8.0
ProjectManager.DefaultFWLocation=true
ProjectManager.DeletePrevious=true
ProjectManager.DeviceId=STM32F334R8Tx
ProjectManager.FirmwarePackage=STM32Cube FW_F3 V1.8.0
ProjectManager.FreePins=false
ProjectManager.HalAssertFull=false
ProjectManager.HeapSize=0x200
ProjectManager.KeepUserCode=true
ProjectManager.LastFirmware=true
ProjectManager.LibraryCopy=1
ProjectManager.PreviousToolchain=
ProjectManager.ProjectBuild=false
ProjectManager.ProjectFileName=STM32f334_settings_redo.ioc
ProjectManager.ProjectName=STM32f334_settings_redo
ProjectManager.StackSize=0x400
ProjectManager.TargetToolchain=Makefile
ProjectManager.ToolChainLocation=
ProjectManager.UnderRoot=false
ProjectManager.functionlistsort=1-MX_GPIO_Init-GPIO-false-HAL,2-MX_DMA_Init-DMA-false-HAL,3-SystemClock_Config-RCC-false-HAL,4-MX_ADC1_Init-ADC1-false-HAL,5-MX_ADC2_Init-ADC2-false-HAL,6-MX_RTC_Init-RTC-false-HAL,7-MX_SPI1_Init-SPI1-false-HAL,8-MX_USART3_UART_Init-USART3-false-HAL
RCC.ADC12outputFreq_Value=36000000
RCC.AHBFreq_Value=36000000
RCC.APB1CLKDivider=RCC_HCLK_DIV2
RCC.APB1Freq_Value=18000000
RCC.APB1TimFreq_Value=36000000
RCC.APB2Freq_Value=36000000
RCC.APB2TimFreq_Value=36000000
RCC.CortexFreq_Value=36000000
RCC.FCLKCortexFreq_Value=36000000
RCC.FamilyName=M
RCC.HCLKFreq_Value=36000000
RCC.HRTIM1Freq_Value=36000000
RCC.HSEPLLFreq_Value=8000000
RCC.HSIPLLFreq_Value=4000000
RCC.HSI_VALUE=8000000
RCC.I2C1Freq_Value=8000000
RCC.IPParameters=ADC12outputFreq_Value,AHBFreq_Value,APB1CLKDivider,APB1Freq_Value,APB1TimFreq_Value,APB2Freq_Value,APB2TimFreq_Value,CortexFreq_Value,FCLKCortexFreq_Value,FamilyName,HCLKFreq_Value,HRTIM1Freq_Value,HSEPLLFreq_Value,HSIPLLFreq_Value,HSI_VALUE,I2C1Freq_Value,LSI_VALUE,MCOFreq_Value,PLLCLKFreq_Value,PLLMCOFreq_Value,PLLMUL,RTCFreq_Value,RTCHSEDivFreq_Value,SYSCLKFreq_VALUE,SYSCLKSourceVirtual,TIM1Freq_Value,TIM2Freq_Value,USART1Freq_Value,VCOOutput2Freq_Value
RCC.LSI_VALUE=40000
RCC.MCOFreq_Value=36000000
RCC.PLLCLKFreq_Value=36000000
RCC.PLLMCOFreq_Value=36000000
RCC.PLLMUL=RCC_PLL_MUL9
RCC.RTCFreq_Value=40000
RCC.RTCHSEDivFreq_Value=250000
RCC.SYSCLKFreq_VALUE=36000000
RCC.SYSCLKSourceVirtual=RCC_SYSCLKSOURCE_PLLCLK
RCC.TIM1Freq_Value=36000000
RCC.TIM2Freq_Value=36000000
RCC.USART1Freq_Value=18000000
RCC.VCOOutput2Freq_Value=4000000
RTC.Alarm-Alarm\ A=RTC_ALARM_A
RTC.IPParameters=Alarm-Alarm A
SH.ADCx_IN6.0=ADC1_IN6,IN6-Single-Ended
SH.ADCx_IN6.ConfNb=1
SH.ADCx_IN7.0=ADC1_IN7,IN7-Single-Ended
SH.ADCx_IN7.ConfNb=1
SH.ADCx_IN8.0=ADC1_IN8,IN8-Single-Ended
SH.ADCx_IN8.ConfNb=1
SPI1.BaudRatePrescaler=SPI_BAUDRATEPRESCALER_256
SPI1.CalculateBaudRate=140.625 KBits/s
SPI1.DataSize=SPI_DATASIZE_8BIT
SPI1.Direction=SPI_DIRECTION_2LINES
SPI1.IPParameters=VirtualType,Mode,Direction,CalculateBaudRate,BaudRatePrescaler,DataSize,NSSPMode
SPI1.Mode=SPI_MODE_MASTER
SPI1.NSSPMode=SPI_NSS_PULSE_DISABLE
SPI1.VirtualType=VM_MASTER
USART3.BaudRate=9600
USART3.IPParameters=BaudRate,VirtualMode-Asynchronous
USART3.VirtualMode-Asynchronous=VM_ASYNC
VP_RTC_VS_RTC_Activate.Mode=RTC_Enabled
VP_RTC_VS_RTC_Activate.Signal=RTC_VS_RTC_Activate
VP_RTC_VS_RTC_Alarm_A_Intern.Mode=Alarm A
VP_RTC_VS_RTC_Alarm_A_Intern.Signal=RTC_VS_RTC_Alarm_A_Intern
VP_RTC_VS_RTC_Calendar.Mode=RTC_Calendar
VP_RTC_VS_RTC_Calendar.Signal=RTC_VS_RTC_Calendar
VP_SYS_VS_Systick.Mode=SysTick
VP_SYS_VS_Systick.Signal=SYS_VS_Systick
board=STM32f334_settings_redo
